
Microsoft Visual Studio Solution File, Format Version 12.00
# Visual Studio Version 17
VisualStudioVersion = 17.14.36705.20 d17.14
MinimumVisualStudioVersion = 10.0.40219.1
Project("{FAE04EC0-301F-11D3-BF4B-00C04F79EFBC}") = "Stand4", "Stand4.csproj", "{CEC20DFE-5F6B-4EC0-AD01-DE04399B8F39}"
EndProject
Project("{FAE04EC0-301F-11D3-BF4B-00C04F79EFBC}") = "CommonLogic.Logic", "..\..\..\..\Soft\CommonLogic\CommonLogic.Logic\CommonLogic.Logic.csproj", "{5431ABB2-B5D6-42EA-9190-ABBF77998DD6}"
EndProject
Global
	GlobalSection(SolutionConfigurationPlatforms) = preSolution
		Debug|Any CPU = Debug|Any CPU
		Release|Any CPU = Release|Any CPU
	EndGlobalSection
	GlobalSection(ProjectConfigurationPlatforms) = postSolution
		{CEC20DFE-5F6B-4EC0-AD01-DE04399B8F39}.Debug|Any CPU.ActiveCfg = Debug|Any CPU
		{CEC20DFE-5F6B-4EC0-AD01-DE04399B8F39}.Debug|Any CPU.Build.0 = Debug|Any CPU
		{CEC20DFE-5F6B-4EC0-AD01-DE04399B8F39}.Release|Any CPU.ActiveCfg = Release|Any CPU
		{CEC20DFE-5F6B-4EC0-AD01-DE04399B8F39}.Release|Any CPU.Build.0 = Release|Any CPU
		{5431ABB2-B5D6-42EA-9190-ABBF77998DD6}.Debug|Any CPU.ActiveCfg = Debug|Any CPU
		{5431ABB2-B5D6-42EA-9190-ABBF77998DD6}.Debug|Any CPU.Build.0 = Debug|Any CPU
		{5431ABB2-B5D6-42EA-9190-ABBF77998DD6}.Release|Any CPU.ActiveCfg = Release|Any CPU
		{5431ABB2-B5D6-42EA-9190-ABBF77998DD6}.Release|Any CPU.Build.0 = Release|Any CPU
	EndGlobalSection
	GlobalSection(SolutionProperties) = preSolution
		HideSolutionNode = FALSE
	EndGlobalSection
	GlobalSection(ExtensibilityGlobals) = postSolution
		SolutionGuid = {445B40D1-CFAF-4769-9EEA-CC8B45FACF4B}
	EndGlobalSection
EndGlobal
